
Microsoft Visual Studio Solution File, Format Version 12.00
# Visual Studio Version 17
VisualStudioVersion = 17.9.34714.143
MinimumVisualStudioVersion = 10.0.40219.1
Project("{9A19103F-16F7-4668-BE54-9A1E7A4F7556}") = "HealthBridges", "HealthBridges\HealthBridges.csproj", "{A25DD989-448D-49C0-9D31-02EF982587F2}"
EndProject
Global
	GlobalSection(SolutionConfigurationPlatforms) = preSolution
		Debug|Any CPU = Debug|Any CPU
		Release|Any CPU = Release|Any CPU
	EndGlobalSection
	GlobalSection(ProjectConfigurationPlatforms) = postSolution
		{A25DD989-448D-49C0-9D31-02EF982587F2}.Debug|Any CPU.ActiveCfg = Debug|Any CPU
		{A25DD989-448D-49C0-9D31-02EF982587F2}.Debug|Any CPU.Build.0 = Debug|Any CPU
		{A25DD989-448D-49C0-9D31-02EF982587F2}.Release|Any CPU.ActiveCfg = Release|Any CPU
		{A25DD989-448D-49C0-9D31-02EF982587F2}.Release|Any CPU.Build.0 = Release|Any CPU
	EndGlobalSection
	GlobalSection(SolutionProperties) = preSolution
		HideSolutionNode = FALSE
	EndGlobalSection
	GlobalSection(ExtensibilityGlobals) = postSolution
		SolutionGuid = {F2DF3DF7-D885-447E-99FC-EA7F11903EF8}
	EndGlobalSection
EndGlobal
