
Microsoft Visual Studio Solution File, Format Version 12.00
# Visual Studio Version 17
VisualStudioVersion = 17.9.34714.143
MinimumVisualStudioVersion = 10.0.40219.1
Project("{FAE04EC0-301F-11D3-BF4B-00C04F79EFBC}") = "BookVerses", "BookVerses\BookVerses.csproj", "{986EBF1B-AB75-4D9B-BF10-D601BF35BE79}"
EndProject
Global
	GlobalSection(SolutionConfigurationPlatforms) = preSolution
		Debug|Any CPU = Debug|Any CPU
		Release|Any CPU = Release|Any CPU
	EndGlobalSection
	GlobalSection(ProjectConfigurationPlatforms) = postSolution
		{986EBF1B-AB75-4D9B-BF10-D601BF35BE79}.Debug|Any CPU.ActiveCfg = Debug|Any CPU
		{986EBF1B-AB75-4D9B-BF10-D601BF35BE79}.Debug|Any CPU.Build.0 = Debug|Any CPU
		{986EBF1B-AB75-4D9B-BF10-D601BF35BE79}.Release|Any CPU.ActiveCfg = Release|Any CPU
		{986EBF1B-AB75-4D9B-BF10-D601BF35BE79}.Release|Any CPU.Build.0 = Release|Any CPU
	EndGlobalSection
	GlobalSection(SolutionProperties) = preSolution
		HideSolutionNode = FALSE
	EndGlobalSection
	GlobalSection(ExtensibilityGlobals) = postSolution
		SolutionGuid = {9ED18999-B5F9-4D7A-A4BA-59F163928077}
	EndGlobalSection
EndGlobal
